# This file is autogenerated, do not edit; changes may be undone by the next 'dep ensure'.


[[projects]]
  digest = "1:7214e04012a19e4797878709eaac41e64d535cac3c266514b50bdabf940e2a4c"
  name = "github.com/envoyproxy/go-control-plane"
  packages = [
    "envoy/api/v2/core",
    "envoy/service/auth/v2",
    "envoy/type",
  ]
  pruneopts = "UT"
  revision = "0f0598e8dab0c0306119ca6fff632b0a672cbfa1"
  version = "v0.8.2"

[[projects]]
  digest = "1:743f8008a7fed04ef0d52261aef346766bbd5b3e360b90296d85289f8ef5c2e2"
  name = "github.com/envoyproxy/protoc-gen-validate"
  packages = ["validate"]
  pruneopts = "UT"
  revision = "9eff07ddfcb4001aa1aab280648153f46e1a8ddc"
  version = "v0.1.0"

[[projects]]
  digest = "1:fa6faf4a2977dc7643de38ae599a95424d82f8ffc184045510737010a82c4ecd"
  name = "github.com/gogo/googleapis"
  packages = ["google/rpc"]
  pruneopts = "UT"
  revision = "d31c731455cb061f42baff3bda55bad0118b126b"
  version = "v1.2.0"

[[projects]]
  digest = "1:c23ef5b1fa68d209f3a299f58f3de6ecf126c1724a8c2d28e7930c291eb32dd5"
  name = "github.com/gogo/protobuf"
  packages = [
    "gogoproto",
    "proto",
    "protoc-gen-gogo/descriptor",
    "sortkeys",
    "types",
  ]
  pruneopts = "UT"
  revision = "ba06b47c162d49f2af050fb4c75bcbc86a159d5c"
  version = "v1.2.1"

[[projects]]
  digest = "1:7ade0e7351787347d3dd3456abb365fd71ea75c19a859505e6a427064e1f9e42"
  name = "github.com/golang/protobuf"
  packages = [
    "proto",
    "protoc-gen-go/descriptor",
    "ptypes",
    "ptypes/any",
    "ptypes/duration",
    "ptypes/timestamp",
  ]
  pruneopts = "UT"
  revision = "6c65a5562fc06764971b7c5d05c76c75e84bdbf7"
  version = "v1.3.2"

[[projects]]
  branch = "master"
  digest = "1:1089c26a1b2dcc30f6a612adfce1d4ed8796b54c47ddec9c4d4d5f38a3edf5e7"
  name = "golang.org/x/net"
  packages = [
    "http/httpguts",
    "http2",
    "http2/hpack",
    "idna",
    "internal/timeseries",
    "trace",
  ]
  pruneopts = "UT"
  revision = "ca1201d0de80cfde86cb01aea620983605dfe99b"

[[projects]]
  branch = "master"
  digest = "1:5632b0c4d972da51b5914f09fc5c1a8535e9d8d5d937e95ef83c423a0dd67f13"
  name = "golang.org/x/sys"
  packages = ["unix"]
  pruneopts = "UT"
  revision = "fae7ac547cb717d141c433a2a173315e216b64c4"

[[projects]]
  digest = "1:8d8faad6b12a3a4c819a3f9618cb6ee1fa1cfc33253abeeea8b55336721e3405"
  name = "golang.org/x/text"
  packages = [
    "collate",
    "collate/build",
    "internal/colltab",
    "internal/gen",
    "internal/language",
    "internal/language/compact",
    "internal/tag",
    "internal/triegen",
    "internal/ucd",
    "language",
    "secure/bidirule",
    "transform",
    "unicode/bidi",
    "unicode/cldr",
    "unicode/norm",
    "unicode/rangetable",
  ]
  pruneopts = "UT"
  revision = "342b2e1fbaa52c93f31447ad2c6abc048c63e475"
  version = "v0.3.2"

[[projects]]
  branch = "master"
  digest = "1:583a0c80f5e3a9343d33aea4aead1e1afcc0043db66fdf961ddd1fe8cd3a4faf"
  name = "google.golang.org/genproto"
  packages = ["googleapis/rpc/status"]
  pruneopts = "UT"
  revision = "c506a9f9061087022822e8da603a52fc387115a8"

[[projects]]
  digest = "1:cf01ae0753310464677058b125fa31e74fd943781782ada503180ad784fc83d3"
  name = "google.golang.org/grpc"
  packages = [
    ".",
    "balancer",
    "balancer/base",
    "balancer/roundrobin",
    "binarylog/grpc_binarylog_v1",
    "codes",
    "connectivity",
    "credentials",
    "credentials/internal",
    "encoding",
    "encoding/proto",
    "grpclog",
    "internal",
    "internal/backoff",
    "internal/balancerload",
    "internal/binarylog",
    "internal/channelz",
    "internal/envconfig",
    "internal/grpcrand",
    "internal/grpcsync",
    "internal/syscall",
    "internal/transport",
    "keepalive",
    "metadata",
    "naming",
    "peer",
    "resolver",
    "resolver/dns",
    "resolver/passthrough",
    "serviceconfig",
    "stats",
    "status",
    "tap",
  ]
  pruneopts = "UT"
  revision = "1d89a3c832915b2314551c1d2a506874d62e53f7"
  version = "v1.22.0"

[solve-meta]
  analyzer-name = "dep"
  analyzer-version = 1
  input-imports = [
    "github.com/envoyproxy/go-control-plane/envoy/service/auth/v2",
    "github.com/envoyproxy/go-control-plane/envoy/type",
    "github.com/gogo/googleapis/google/rpc",
  ]
  solver-name = "gps-cdcl"
  solver-version = 1
